<?xml version="1.0" encoding="utf-8"?>
<Project ToolsVersion="4.0" xmlns="http://schemas.microsoft.com/developer/msbuild/2003">
  <ItemGroup>
    <Filter Include="源文件">
      <UniqueIdentifier>{4FC737F1-C7A5-4376-A066-2A32D752A2FF}</UniqueIdentifier>
      <Extensions>cpp;c;cc;cxx;c++;cppm;ixx;def;odl;idl;hpj;bat;asm;asmx</Extensions>
    </Filter>
    <Filter Include="头文件">
      <UniqueIdentifier>{93995380-89BD-4b04-88EB-625FBE52EBFB}</UniqueIdentifier>
      <Extensions>h;hh;hpp;hxx;h++;hm;inl;inc;ipp;xsd</Extensions>
    </Filter>
    <Filter Include="资源文件">
      <UniqueIdentifier>{67DA6AB6-F800-4c08-8B7A-83BB121AAD01}</UniqueIdentifier>
      <Extensions>rc;ico;cur;bmp;dlg;rc2;rct;bin;rgs;gif;jpg;jpeg;jpe;resx;tiff;tif;png;wav;mfcribbon-ms</Extensions>
    </Filter>
  </ItemGroup>
  <ItemGroup>
    <ClInclude Include="FUNClass.h">
      <Filter>头文件</Filter>
    </ClInclude>
    <ClInclude Include="ExportFUNClass.h">
      <Filter>头文件</Filter>
    </ClInclude>
    <ClInclude Include="AES.h">
      <Filter>头文件</Filter>
    </ClInclude>
    <ClInclude Include="stdafx.h">
      <Filter>头文件</Filter>
    </ClInclude>
    <ClInclude Include="MATRIX.H">
      <Filter>头文件</Filter>
    </ClInclude>
    <ClInclude Include="StringUtil.h">
      <Filter>头文件</Filter>
    </ClInclude>
    <ClInclude Include="MATHUTIL.H">
      <Filter>头文件</Filter>
    </ClInclude>
    <ClInclude Include="AbstractCurve.h">
      <Filter>头文件</Filter>
    </ClInclude>
    <ClInclude Include="CurvePolygon.h">
      <Filter>头文件</Filter>
    </ClInclude>
    <ClInclude Include="HermiteCurve.h">
      <Filter>头文件</Filter>
    </ClInclude>
    <ClInclude Include="TemplateHermiteSpline.h">
      <Filter>头文件</Filter>
    </ClInclude>
    <ClInclude Include="CURVE.H">
      <Filter>头文件</Filter>
    </ClInclude>
    <ClInclude Include="ALIGNMENT.H">
      <Filter>头文件</Filter>
    </ClInclude>
    <ClInclude Include="ArraySlicing.h">
      <Filter>头文件</Filter>
    </ClInclude>
    <ClInclude Include="EigenAbstractCurve.h">
      <Filter>头文件</Filter>
    </ClInclude>
    <ClInclude Include="LEVMARQ.H">
      <Filter>头文件</Filter>
    </ClInclude>
    <ClInclude Include="SORTER.H">
      <Filter>头文件</Filter>
    </ClInclude>
    <ClInclude Include="ODRSPLINE.H">
      <Filter>头文件</Filter>
    </ClInclude>
    <ClInclude Include="CONSTANTS.H">
      <Filter>头文件</Filter>
    </ClInclude>
    <ClInclude Include="CIRCLE.H">
      <Filter>头文件</Filter>
    </ClInclude>
    <ClInclude Include="SUBCURVE.H">
      <Filter>头文件</Filter>
    </ClInclude>
    <ClInclude Include="SectionCurve.h">
      <Filter>头文件</Filter>
    </ClInclude>
    <ClInclude Include="SmallestCircle.h">
      <Filter>头文件</Filter>
    </ClInclude>
    <ClInclude Include="BladeError.h">
      <Filter>头文件</Filter>
    </ClInclude>
    <ClInclude Include="Dimension.h">
      <Filter>头文件</Filter>
    </ClInclude>
    <ClInclude Include="NURB.H">
      <Filter>头文件</Filter>
    </ClInclude>
    <ClInclude Include="MINSTOCK.H">
      <Filter>头文件</Filter>
    </ClInclude>
    <ClInclude Include="ANAFILE.h">
      <Filter>头文件</Filter>
    </ClInclude>
    <ClInclude Include="Analysis.h">
      <Filter>头文件</Filter>
    </ClInclude>
    <ClInclude Include="Flavor.h">
      <Filter>头文件</Filter>
    </ClInclude>
    <ClInclude Include="FlavorFile.h">
      <Filter>头文件</Filter>
    </ClInclude>
    <ClInclude Include="LEVARTOL.H">
      <Filter>头文件</Filter>
    </ClInclude>
    <ClInclude Include="CBLADE.h">
      <Filter>头文件</Filter>
    </ClInclude>
    <ClInclude Include="ToleranceSection.h">
      <Filter>头文件</Filter>
    </ClInclude>
    <ClInclude Include="MeanCamberCurve.h">
      <Filter>头文件</Filter>
    </ClInclude>
    <ClInclude Include="NOMINALSECTION.H">
      <Filter>头文件</Filter>
    </ClInclude>
    <ClInclude Include="SECTION.h">
      <Filter>头文件</Filter>
    </ClInclude>
  </ItemGroup>
  <ItemGroup>
    <ClCompile Include="FUNClass.cpp">
      <Filter>源文件</Filter>
    </ClCompile>
    <ClCompile Include="ExportFUNClass.cpp">
      <Filter>源文件</Filter>
    </ClCompile>
    <ClCompile Include="AES.cpp">
      <Filter>源文件</Filter>
    </ClCompile>
    <ClCompile Include="stdafx.cpp">
      <Filter>源文件</Filter>
    </ClCompile>
    <ClCompile Include="MATRIX.CPP">
      <Filter>源文件</Filter>
    </ClCompile>
    <ClCompile Include="StringUtil.cpp">
      <Filter>源文件</Filter>
    </ClCompile>
    <ClCompile Include="MATHUTIL.CPP">
      <Filter>源文件</Filter>
    </ClCompile>
    <ClCompile Include="AbstractCurve.cpp">
      <Filter>源文件</Filter>
    </ClCompile>
    <ClCompile Include="CurvePolygon.cpp">
      <Filter>源文件</Filter>
    </ClCompile>
    <ClCompile Include="HermiteCurve.cpp">
      <Filter>源文件</Filter>
    </ClCompile>
    <ClCompile Include="CURVE.CPP">
      <Filter>源文件</Filter>
    </ClCompile>
    <ClCompile Include="ALIGNMENT.CPP">
      <Filter>源文件</Filter>
    </ClCompile>
    <ClCompile Include="EigenAbstractCurve.cpp">
      <Filter>源文件</Filter>
    </ClCompile>
    <ClCompile Include="LEVMARQ.CPP">
      <Filter>源文件</Filter>
    </ClCompile>
    <ClCompile Include="SORTER.CPP">
      <Filter>源文件</Filter>
    </ClCompile>
    <ClCompile Include="ODRSPLINE.CPP">
      <Filter>源文件</Filter>
    </ClCompile>
    <ClCompile Include="CIRCLE.CPP">
      <Filter>源文件</Filter>
    </ClCompile>
    <ClCompile Include="SUBCURVE.CPP">
      <Filter>源文件</Filter>
    </ClCompile>
    <ClCompile Include="SectionCurve.cpp">
      <Filter>源文件</Filter>
    </ClCompile>
    <ClCompile Include="SmallestCircle.cpp">
      <Filter>源文件</Filter>
    </ClCompile>
    <ClCompile Include="BladeError.cpp">
      <Filter>源文件</Filter>
    </ClCompile>
    <ClCompile Include="Dimension.cpp">
      <Filter>源文件</Filter>
    </ClCompile>
    <ClCompile Include="NURB.CPP">
      <Filter>源文件</Filter>
    </ClCompile>
    <ClCompile Include="MINSTOCK.CPP">
      <Filter>源文件</Filter>
    </ClCompile>
    <ClCompile Include="ANAFILE.cpp">
      <Filter>源文件</Filter>
    </ClCompile>
    <ClCompile Include="Analysis.cpp">
      <Filter>源文件</Filter>
    </ClCompile>
    <ClCompile Include="FlavorFile.cpp">
      <Filter>源文件</Filter>
    </ClCompile>
    <ClCompile Include="Flavor.cpp">
      <Filter>源文件</Filter>
    </ClCompile>
    <ClCompile Include="LEVARTOL.CPP">
      <Filter>源文件</Filter>
    </ClCompile>
    <ClCompile Include="CBLADE.cpp">
      <Filter>源文件</Filter>
    </ClCompile>
    <ClCompile Include="ToleranceSection.cpp">
      <Filter>源文件</Filter>
    </ClCompile>
    <ClCompile Include="MeanCamberCurve.cpp">
      <Filter>源文件</Filter>
    </ClCompile>
    <ClCompile Include="NOMINALSECTION.CPP">
      <Filter>源文件</Filter>
    </ClCompile>
    <ClCompile Include="SECTION.cpp">
      <Filter>源文件</Filter>
    </ClCompile>
  </ItemGroup>
</Project>